
Microsoft Visual Studio Solution File, Format Version 12.00
# Visual Studio Version 17
VisualStudioVersion = 17.3.32819.101
MinimumVisualStudioVersion = 10.0.40219.1
Project("{FAE04EC0-301F-11D3-BF4B-00C04F79EFBC}") = "ejercicio4", "ejercicio4\ejercicio4.csproj", "{A30A3346-451A-4ABE-82CD-18D06352DD34}"
EndProject
Global
	GlobalSection(SolutionConfigurationPlatforms) = preSolution
		Debug|Any CPU = Debug|Any CPU
		Release|Any CPU = Release|Any CPU
	EndGlobalSection
	GlobalSection(ProjectConfigurationPlatforms) = postSolution
		{A30A3346-451A-4ABE-82CD-18D06352DD34}.Debug|Any CPU.ActiveCfg = Debug|Any CPU
		{A30A3346-451A-4ABE-82CD-18D06352DD34}.Debug|Any CPU.Build.0 = Debug|Any CPU
		{A30A3346-451A-4ABE-82CD-18D06352DD34}.Release|Any CPU.ActiveCfg = Release|Any CPU
		{A30A3346-451A-4ABE-82CD-18D06352DD34}.Release|Any CPU.Build.0 = Release|Any CPU
	EndGlobalSection
	GlobalSection(SolutionProperties) = preSolution
		HideSolutionNode = FALSE
	EndGlobalSection
	GlobalSection(ExtensibilityGlobals) = postSolution
		SolutionGuid = {BEA6AC0D-3E7E-4A52-9911-53C718F34153}
	EndGlobalSection
EndGlobal
